// !$*UTF8*$!
{
	archiveVersion = 1;
	classes = {
	};
	objectVersion = 55;
	objects = {

/* Begin PBXBuildFile section */
		754BA61E2873615500F01F82 /* AppDelegate.swift in Sources */ = {isa = PBXBuildFile; fileRef = 754BA61D2873615500F01F82 /* AppDelegate.swift */; };
		754BA6202873615500F01F82 /* SceneDelegate.swift in Sources */ = {isa = PBXBuildFile; fileRef = 754BA61F2873615500F01F82 /* SceneDelegate.swift */; };
		754BA6222873615500F01F82 /* HomeViewController.swift in Sources */ = {isa = PBXBuildFile; fileRef = 754BA6212873615500F01F82 /* HomeViewController.swift */; };
		754BA6252873615500F01F82 /* Main.storyboard in Resources */ = {isa = PBXBuildFile; fileRef = 754BA6232873615500F01F82 /* Main.storyboard */; };
		754BA6272873615600F01F82 /* Assets.xcassets in Resources */ = {isa = PBXBuildFile; fileRef = 754BA6262873615600F01F82 /* Assets.xcassets */; };
		754BA62A2873615600F01F82 /* LaunchScreen.storyboard in Resources */ = {isa = PBXBuildFile; fileRef = 754BA6282873615600F01F82 /* LaunchScreen.storyboard */; };
		754BA6322873619D00F01F82 /* .gitignore in Resources */ = {isa = PBXBuildFile; fileRef = 754BA6312873619D00F01F82 /* .gitignore */; };
		754BA6342873643100F01F82 /* .swiftlint.yml in Resources */ = {isa = PBXBuildFile; fileRef = 754BA6332873643100F01F82 /* .swiftlint.yml */; };
		754BA63728737D7400F01F82 /* BankData.swift in Sources */ = {isa = PBXBuildFile; fileRef = 754BA63628737D7400F01F82 /* BankData.swift */; };
		DE9147D8B0C55CE8B37A3B3B /* Pods_toss.framework in Frameworks */ = {isa = PBXBuildFile; fileRef = 92B877BF822B509E94B74A07 /* Pods_toss.framework */; };
/* End PBXBuildFile section */

/* Begin PBXFileReference section */
		309588D8452472DE653E3610 /* Pods-toss.release.xcconfig */ = {isa = PBXFileReference; includeInIndex = 1; lastKnownFileType = text.xcconfig; name = "Pods-toss.release.xcconfig"; path = "Target Support Files/Pods-toss/Pods-toss.release.xcconfig"; sourceTree = "<group>"; };
		44D71F6D6646D6DC88FBAF40 /* Pods-toss.debug.xcconfig */ = {isa = PBXFileReference; includeInIndex = 1; lastKnownFileType = text.xcconfig; name = "Pods-toss.debug.xcconfig"; path = "Target Support Files/Pods-toss/Pods-toss.debug.xcconfig"; sourceTree = "<group>"; };
		754BA61A2873615500F01F82 /* toss.app */ = {isa = PBXFileReference; explicitFileType = wrapper.application; includeInIndex = 0; path = toss.app; sourceTree = BUILT_PRODUCTS_DIR; };
		754BA61D2873615500F01F82 /* AppDelegate.swift */ = {isa = PBXFileReference; lastKnownFileType = sourcecode.swift; path = AppDelegate.swift; sourceTree = "<group>"; };
		754BA61F2873615500F01F82 /* SceneDelegate.swift */ = {isa = PBXFileReference; lastKnownFileType = sourcecode.swift; path = SceneDelegate.swift; sourceTree = "<group>"; };
		754BA6212873615500F01F82 /* HomeViewController.swift */ = {isa = PBXFileReference; lastKnownFileType = sourcecode.swift; path = HomeViewController.swift; sourceTree = "<group>"; };
		754BA6242873615500F01F82 /* Base */ = {isa = PBXFileReference; lastKnownFileType = file.storyboard; name = Base; path = Base.lproj/Main.storyboard; sourceTree = "<group>"; };
		754BA6262873615600F01F82 /* Assets.xcassets */ = {isa = PBXFileReference; lastKnownFileType = folder.assetcatalog; path = Assets.xcassets; sourceTree = "<group>"; };
		754BA6292873615600F01F82 /* Base */ = {isa = PBXFileReference; lastKnownFileType = file.storyboard; name = Base; path = Base.lproj/LaunchScreen.storyboard; sourceTree = "<group>"; };
		754BA62B2873615600F01F82 /* Info.plist */ = {isa = PBXFileReference; lastKnownFileType = text.plist.xml; path = Info.plist; sourceTree = "<group>"; };
		754BA6312873619D00F01F82 /* .gitignore */ = {isa = PBXFileReference; lastKnownFileType = text; path = .gitignore; sourceTree = "<group>"; };
		754BA6332873643100F01F82 /* .swiftlint.yml */ = {isa = PBXFileReference; lastKnownFileType = text.yaml; path = .swiftlint.yml; sourceTree = "<group>"; };
		754BA63628737D7400F01F82 /* BankData.swift */ = {isa = PBXFileReference; lastKnownFileType = sourcecode.swift; path = BankData.swift; sourceTree = "<group>"; };
		92B877BF822B509E94B74A07 /* Pods_toss.framework */ = {isa = PBXFileReference; explicitFileType = wrapper.framework; includeInIndex = 0; path = Pods_toss.framework; sourceTree = BUILT_PRODUCTS_DIR; };
/* End PBXFileReference section */

/* Begin PBXFrameworksBuildPhase section */
		754BA6172873615500F01F82 /* Frameworks */ = {
			isa = PBXFrameworksBuildPhase;
			buildActionMask = 2147483647;
			files = (
				DE9147D8B0C55CE8B37A3B3B /* Pods_toss.framework in Frameworks */,
			);
			runOnlyForDeploymentPostprocessing = 0;
		};
/* End PBXFrameworksBuildPhase section */

/* Begin PBXGroup section */
		754BA6112873615500F01F82 = {
			isa = PBXGroup;
			children = (
				754BA6332873643100F01F82 /* .swiftlint.yml */,
				754BA6312873619D00F01F82 /* .gitignore */,
				754BA61C2873615500F01F82 /* toss */,
				754BA61B2873615500F01F82 /* Products */,
				B46EA9CCB0FB06F073032BDF /* Pods */,
				EA523452687F67B082D450DB /* Frameworks */,
			);
			sourceTree = "<group>";
		};
		754BA61B2873615500F01F82 /* Products */ = {
			isa = PBXGroup;
			children = (
				754BA61A2873615500F01F82 /* toss.app */,
			);
			name = Products;
			sourceTree = "<group>";
		};
		754BA61C2873615500F01F82 /* toss */ = {
			isa = PBXGroup;
			children = (
				754BA63528737D5600F01F82 /* Models */,
				754BA61D2873615500F01F82 /* AppDelegate.swift */,
				754BA61F2873615500F01F82 /* SceneDelegate.swift */,
				754BA6212873615500F01F82 /* HomeViewController.swift */,
				754BA6232873615500F01F82 /* Main.storyboard */,
				754BA6262873615600F01F82 /* Assets.xcassets */,
				754BA6282873615600F01F82 /* LaunchScreen.storyboard */,
				754BA62B2873615600F01F82 /* Info.plist */,
			);
			path = toss;
			sourceTree = "<group>";
		};
		754BA63528737D5600F01F82 /* Models */ = {
			isa = PBXGroup;
			children = (
				754BA63628737D7400F01F82 /* BankData.swift */,
			);
			path = Models;
			sourceTree = "<group>";
		};
		B46EA9CCB0FB06F073032BDF /* Pods */ = {
			isa = PBXGroup;
			children = (
				44D71F6D6646D6DC88FBAF40 /* Pods-toss.debug.xcconfig */,
				309588D8452472DE653E3610 /* Pods-toss.release.xcconfig */,
			);
			path = Pods;
			sourceTree = "<group>";
		};
		EA523452687F67B082D450DB /* Frameworks */ = {
			isa = PBXGroup;
			children = (
				92B877BF822B509E94B74A07 /* Pods_toss.framework */,
			);
			name = Frameworks;
			sourceTree = "<group>";
		};
/* End PBXGroup section */

/* Begin PBXNativeTarget section */
		754BA6192873615500F01F82 /* toss */ = {
			isa = PBXNativeTarget;
			buildConfigurationList = 754BA62E2873615600F01F82 /* Build configuration list for PBXNativeTarget "toss" */;
			buildPhases = (
				4C135FAFB13472636FAFC411 /* [CP] Check Pods Manifest.lock */,
				754BA6162873615500F01F82 /* Sources */,
				754BA6172873615500F01F82 /* Frameworks */,
				754BA6182873615500F01F82 /* Resources */,
			);
			buildRules = (
			);
			dependencies = (
			);
			name = toss;
			productName = toss;
			productReference = 754BA61A2873615500F01F82 /* toss.app */;
			productType = "com.apple.product-type.application";
		};
/* End PBXNativeTarget section */

/* Begin PBXProject section */
		754BA6122873615500F01F82 /* Project object */ = {
			isa = PBXProject;
			attributes = {
				BuildIndependentTargetsInParallel = 1;
				LastSwiftUpdateCheck = 1340;
				LastUpgradeCheck = 1340;
				TargetAttributes = {
					754BA6192873615500F01F82 = {
						CreatedOnToolsVersion = 13.4.1;
					};
				};
			};
			buildConfigurationList = 754BA6152873615500F01F82 /* Build configuration list for PBXProject "toss" */;
			compatibilityVersion = "Xcode 13.0";
			developmentRegion = en;
			hasScannedForEncodings = 0;
			knownRegions = (
				en,
				Base,
			);
			mainGroup = 754BA6112873615500F01F82;
			productRefGroup = 754BA61B2873615500F01F82 /* Products */;
			projectDirPath = "";
			projectRoot = "";
			targets = (
				754BA6192873615500F01F82 /* toss */,
			);
		};
/* End PBXProject section */

/* Begin PBXResourcesBuildPhase section */
		754BA6182873615500F01F82 /* Resources */ = {
			isa = PBXResourcesBuildPhase;
			buildActionMask = 2147483647;
			files = (
				754BA6342873643100F01F82 /* .swiftlint.yml in Resources */,
				754BA6322873619D00F01F82 /* .gitignore in Resources */,
				754BA62A2873615600F01F82 /* LaunchScreen.storyboard in Resources */,
				754BA6272873615600F01F82 /* Assets.xcassets in Resources */,
				754BA6252873615500F01F82 /* Main.storyboard in Resources */,
			);
			runOnlyForDeploymentPostprocessing = 0;
		};
/* End PBXResourcesBuildPhase section */

/* Begin PBXShellScriptBuildPhase section */
		4C135FAFB13472636FAFC411 /* [CP] Check Pods Manifest.lock */ = {
			isa = PBXShellScriptBuildPhase;
			buildActionMask = 2147483647;
			files = (
			);
			inputFileListPaths = (
			);
			inputPaths = (
				"${PODS_PODFILE_DIR_PATH}/Podfile.lock",
				"${PODS_ROOT}/Manifest.lock",
			);
			name = "[CP] Check Pods Manifest.lock";
			outputFileListPaths = (
			);
			outputPaths = (
				"$(DERIVED_FILE_DIR)/Pods-toss-checkManifestLockResult.txt",
			);
			runOnlyForDeploymentPostprocessing = 0;
			shellPath = /bin/sh;
			shellScript = "diff \"${PODS_PODFILE_DIR_PATH}/Podfile.lock\" \"${PODS_ROOT}/Manifest.lock\" > /dev/null\nif [ $? != 0 ] ; then\n    # print error to STDERR\n    echo \"error: The sandbox is not in sync with the Podfile.lock. Run 'pod install' or update your CocoaPods installation.\" >&2\n    exit 1\nfi\n# This output is used by Xcode 'outputs' to avoid re-running this script phase.\necho \"SUCCESS\" > \"${SCRIPT_OUTPUT_FILE_0}\"\n";
			showEnvVarsInLog = 0;
		};
/* End PBXShellScriptBuildPhase section */

/* Begin PBXSourcesBuildPhase section */
		754BA6162873615500F01F82 /* Sources */ = {
			isa = PBXSourcesBuildPhase;
			buildActionMask = 2147483647;
			files = (
				754BA6222873615500F01F82 /* HomeViewController.swift in Sources */,
				754BA61E2873615500F01F82 /* AppDelegate.swift in Sources */,
				754BA63728737D7400F01F82 /* BankData.swift in Sources */,
				754BA6202873615500F01F82 /* SceneDelegate.swift in Sources */,
			);
			runOnlyForDeploymentPostprocessing = 0;
		};
/* End PBXSourcesBuildPhase section */

/* Begin PBXVariantGroup section */
		754BA6232873615500F01F82 /* Main.storyboard */ = {
			isa = PBXVariantGroup;
			children = (
				754BA6242873615500F01F82 /* Base */,
			);
			name = Main.storyboard;
			sourceTree = "<group>";
		};
		754BA6282873615600F01F82 /* LaunchScreen.storyboard */ = {
			isa = PBXVariantGroup;
			children = (
				754BA6292873615600F01F82 /* Base */,
			);
			name = LaunchScreen.storyboard;
			sourceTree = "<group>";
		};
/* End PBXVariantGroup section */

/* Begin XCBuildConfiguration section */
		754BA62C2873615600F01F82 /* Debug */ = {
			isa = XCBuildConfiguration;
			buildSettings = {
				ALWAYS_SEARCH_USER_PATHS = NO;
				CLANG_ANALYZER_NONNULL = YES;
				CLANG_ANALYZER_NUMBER_OBJECT_CONVERSION = YES_AGGRESSIVE;
				CLANG_CXX_LANGUAGE_STANDARD = "gnu++17";
				CLANG_ENABLE_MODULES = YES;
				CLANG_ENABLE_OBJC_ARC = YES;
				CLANG_ENABLE_OBJC_WEAK = YES;
				CLANG_WARN_BLOCK_CAPTURE_AUTORELEASING = YES;
				CLANG_WARN_BOOL_CONVERSION = YES;
				CLANG_WARN_COMMA = YES;
				CLANG_WARN_CONSTANT_CONVERSION = YES;
				CLANG_WARN_DEPRECATED_OBJC_IMPLEMENTATIONS = YES;
				CLANG_WARN_DIRECT_OBJC_ISA_USAGE = YES_ERROR;
				CLANG_WARN_DOCUMENTATION_COMMENTS = YES;
				CLANG_WARN_EMPTY_BODY = YES;
				CLANG_WARN_ENUM_CONVERSION = YES;
				CLANG_WARN_INFINITE_RECURSION = YES;
				CLANG_WARN_INT_CONVERSION = YES;
				CLANG_WARN_NON_LITERAL_NULL_CONVERSION = YES;
				CLANG_WARN_OBJC_IMPLICIT_RETAIN_SELF = YES;
				CLANG_WARN_OBJC_LITERAL_CONVERSION = YES;
				CLANG_WARN_OBJC_ROOT_CLASS = YES_ERROR;
				CLANG_WARN_QUOTED_INCLUDE_IN_FRAMEWORK_HEADER = YES;
				CLANG_WARN_RANGE_LOOP_ANALYSIS = YES;
				CLANG_WARN_STRICT_PROTOTYPES = YES;
				CLANG_WARN_SUSPICIOUS_MOVE = YES;
				CLANG_WARN_UNGUARDED_AVAILABILITY = YES_AGGRESSIVE;
				CLANG_WARN_UNREACHABLE_CODE = YES;
				CLANG_WARN__DUPLICATE_METHOD_MATCH = YES;
				COPY_PHASE_STRIP = NO;
				DEBUG_INFORMATION_FORMAT = dwarf;
				ENABLE_STRICT_OBJC_MSGSEND = YES;
				ENABLE_TESTABILITY = YES;
				GCC_C_LANGUAGE_STANDARD = gnu11;
				GCC_DYNAMIC_NO_PIC = NO;
				GCC_NO_COMMON_BLOCKS = YES;
				GCC_OPTIMIZATION_LEVEL = 0;
				GCC_PREPROCESSOR_DEFINITIONS = (
					"DEBUG=1",
					"$(inherited)",
				);
				GCC_WARN_64_TO_32_BIT_CONVERSION = YES;
				GCC_WARN_ABOUT_RETURN_TYPE = YES_ERROR;
				GCC_WARN_UNDECLARED_SELECTOR = YES;
				GCC_WARN_UNINITIALIZED_AUTOS = YES_AGGRESSIVE;
				GCC_WARN_UNUSED_FUNCTION = YES;
				GCC_WARN_UNUSED_VARIABLE = YES;
				IPHONEOS_DEPLOYMENT_TARGET = 15.5;
				MTL_ENABLE_DEBUG_INFO = INCLUDE_SOURCE;
				MTL_FAST_MATH = YES;
				ONLY_ACTIVE_ARCH = YES;
				SDKROOT = iphoneos;
				SWIFT_ACTIVE_COMPILATION_CONDITIONS = DEBUG;
				SWIFT_OPTIMIZATION_LEVEL = "-Onone";
			};
			name = Debug;
		};
		754BA62D2873615600F01F82 /* Release */ = {
			isa = XCBuildConfiguration;
			buildSettings = {
				ALWAYS_SEARCH_USER_PATHS = NO;
				CLANG_ANALYZER_NONNULL = YES;
				CLANG_ANALYZER_NUMBER_OBJECT_CONVERSION = YES_AGGRESSIVE;
				CLANG_CXX_LANGUAGE_STANDARD = "gnu++17";
				CLANG_ENABLE_MODULES = YES;
				CLANG_ENABLE_OBJC_ARC = YES;
				CLANG_ENABLE_OBJC_WEAK = YES;
				CLANG_WARN_BLOCK_CAPTURE_AUTORELEASING = YES;
				CLANG_WARN_BOOL_CONVERSION = YES;
				CLANG_WARN_COMMA = YES;
				CLANG_WARN_CONSTANT_CONVERSION = YES;
				CLANG_WARN_DEPRECATED_OBJC_IMPLEMENTATIONS = YES;
				CLANG_WARN_DIRECT_OBJC_ISA_USAGE = YES_ERROR;
				CLANG_WARN_DOCUMENTATION_COMMENTS = YES;
				CLANG_WARN_EMPTY_BODY = YES;
				CLANG_WARN_ENUM_CONVERSION = YES;
				CLANG_WARN_INFINITE_RECURSION = YES;
				CLANG_WARN_INT_CONVERSION = YES;
				CLANG_WARN_NON_LITERAL_NULL_CONVERSION = YES;
				CLANG_WARN_OBJC_IMPLICIT_RETAIN_SELF = YES;
				CLANG_WARN_OBJC_LITERAL_CONVERSION = YES;
				CLANG_WARN_OBJC_ROOT_CLASS = YES_ERROR;
				CLANG_WARN_QUOTED_INCLUDE_IN_FRAMEWORK_HEADER = YES;
				CLANG_WARN_RANGE_LOOP_ANALYSIS = YES;
				CLANG_WARN_STRICT_PROTOTYPES = YES;
				CLANG_WARN_SUSPICIOUS_MOVE = YES;
				CLANG_WARN_UNGUARDED_AVAILABILITY = YES_AGGRESSIVE;
				CLANG_WARN_UNREACHABLE_CODE = YES;
				CLANG_WARN__DUPLICATE_METHOD_MATCH = YES;
				COPY_PHASE_STRIP = NO;
				DEBUG_INFORMATION_FORMAT = "dwarf-with-dsym";
				ENABLE_NS_ASSERTIONS = NO;
				ENABLE_STRICT_OBJC_MSGSEND = YES;
				GCC_C_LANGUAGE_STANDARD = gnu11;
				GCC_NO_COMMON_BLOCKS = YES;
				GCC_WARN_64_TO_32_BIT_CONVERSION = YES;
				GCC_WARN_ABOUT_RETURN_TYPE = YES_ERROR;
				GCC_WARN_UNDECLARED_SELECTOR = YES;
				GCC_WARN_UNINITIALIZED_AUTOS = YES_AGGRESSIVE;
				GCC_WARN_UNUSED_FUNCTION = YES;
				GCC_WARN_UNUSED_VARIABLE = YES;
				IPHONEOS_DEPLOYMENT_TARGET = 15.5;
				MTL_ENABLE_DEBUG_INFO = NO;
				MTL_FAST_MATH = YES;
				SDKROOT = iphoneos;
				SWIFT_COMPILATION_MODE = wholemodule;
				SWIFT_OPTIMIZATION_LEVEL = "-O";
				VALIDATE_PRODUCT = YES;
			};
			name = Release;
		};
		754BA62F2873615600F01F82 /* Debug */ = {
			isa = XCBuildConfiguration;
			baseConfigurationReference = 44D71F6D6646D6DC88FBAF40 /* Pods-toss.debug.xcconfig */;
			buildSettings = {
				ASSETCATALOG_COMPILER_APPICON_NAME = AppIcon;
				ASSETCATALOG_COMPILER_GLOBAL_ACCENT_COLOR_NAME = AccentColor;
				CODE_SIGN_STYLE = Automatic;
				CURRENT_PROJECT_VERSION = 1;
				DEVELOPMENT_TEAM = 5MNSFLP2V9;
				GENERATE_INFOPLIST_FILE = YES;
				INFOPLIST_FILE = toss/Info.plist;
				INFOPLIST_KEY_UIApplicationSupportsIndirectInputEvents = YES;
				INFOPLIST_KEY_UILaunchStoryboardName = LaunchScreen;
				INFOPLIST_KEY_UIMainStoryboardFile = Main;
				INFOPLIST_KEY_UISupportedInterfaceOrientations_iPad = "UIInterfaceOrientationPortrait UIInterfaceOrientationPortraitUpsideDown UIInterfaceOrientationLandscapeLeft UIInterfaceOrientationLandscapeRight";
				INFOPLIST_KEY_UISupportedInterfaceOrientations_iPhone = "UIInterfaceOrientationPortrait UIInterfaceOrientationLandscapeLeft UIInterfaceOrientationLandscapeRight";
				LD_RUNPATH_SEARCH_PATHS = (
					"$(inherited)",
					"@executable_path/Frameworks",
				);
				MARKETING_VERSION = 1.0;
				PRODUCT_BUNDLE_IDENTIFIER = com.junghoon.toss;
				PRODUCT_NAME = "$(TARGET_NAME)";
				SWIFT_EMIT_LOC_STRINGS = YES;
				SWIFT_VERSION = 5.0;
				TARGETED_DEVICE_FAMILY = 1;
			};
			name = Debug;
		};
		754BA6302873615600F01F82 /* Release */ = {
			isa = XCBuildConfiguration;
			baseConfigurationReference = 309588D8452472DE653E3610 /* Pods-toss.release.xcconfig */;
			buildSettings = {
				ASSETCATALOG_COMPILER_APPICON_NAME = AppIcon;
				ASSETCATALOG_COMPILER_GLOBAL_ACCENT_COLOR_NAME = AccentColor;
				CODE_SIGN_STYLE = Automatic;
				CURRENT_PROJECT_VERSION = 1;
				DEVELOPMENT_TEAM = 5MNSFLP2V9;
				GENERATE_INFOPLIST_FILE = YES;
				INFOPLIST_FILE = toss/Info.plist;
				INFOPLIST_KEY_UIApplicationSupportsIndirectInputEvents = YES;
				INFOPLIST_KEY_UILaunchStoryboardName = LaunchScreen;
				INFOPLIST_KEY_UIMainStoryboardFile = Main;
				INFOPLIST_KEY_UISupportedInterfaceOrientations_iPad = "UIInterfaceOrientationPortrait UIInterfaceOrientationPortraitUpsideDown UIInterfaceOrientationLandscapeLeft UIInterfaceOrientationLandscapeRight";
				INFOPLIST_KEY_UISupportedInterfaceOrientations_iPhone = "UIInterfaceOrientationPortrait UIInterfaceOrientationLandscapeLeft UIInterfaceOrientationLandscapeRight";
				LD_RUNPATH_SEARCH_PATHS = (
					"$(inherited)",
					"@executable_path/Frameworks",
				);
				MARKETING_VERSION = 1.0;
				PRODUCT_BUNDLE_IDENTIFIER = com.junghoon.toss;
				PRODUCT_NAME = "$(TARGET_NAME)";
				SWIFT_EMIT_LOC_STRINGS = YES;
				SWIFT_VERSION = 5.0;
				TARGETED_DEVICE_FAMILY = 1;
			};
			name = Release;
		};
/* End XCBuildConfiguration section */

/* Begin XCConfigurationList section */
		754BA6152873615500F01F82 /* Build configuration list for PBXProject "toss" */ = {
			isa = XCConfigurationList;
			buildConfigurations = (
				754BA62C2873615600F01F82 /* Debug */,
				754BA62D2873615600F01F82 /* Release */,
			);
			defaultConfigurationIsVisible = 0;
			defaultConfigurationName = Release;
		};
		754BA62E2873615600F01F82 /* Build configuration list for PBXNativeTarget "toss" */ = {
			isa = XCConfigurationList;
			buildConfigurations = (
				754BA62F2873615600F01F82 /* Debug */,
				754BA6302873615600F01F82 /* Release */,
			);
			defaultConfigurationIsVisible = 0;
			defaultConfigurationName = Release;
		};
/* End XCConfigurationList section */
	};
	rootObject = 754BA6122873615500F01F82 /* Project object */;
}
